// !$*UTF8*$!
{
	archiveVersion = 1;
	classes = {
	};
	objectVersion = 48;
	objects = {

/* Begin PBXBuildFile section */
		21B7BD3B1F4786F9003D827F /* AppDelegate.swift in Sources */ = {isa = PBXBuildFile; fileRef = 21B7BD3A1F4786F9003D827F /* AppDelegate.swift */; };
		21B7BD3D1F4786F9003D827F /* art.scnassets in Resources */ = {isa = PBXBuildFile; fileRef = 21B7BD3C1F4786F9003D827F /* art.scnassets */; };
		21B7BD3F1F4786F9003D827F /* ViewController.swift in Sources */ = {isa = PBXBuildFile; fileRef = 21B7BD3E1F4786F9003D827F /* ViewController.swift */; };
		21B7BD421F4786F9003D827F /* Main.storyboard in Resources */ = {isa = PBXBuildFile; fileRef = 21B7BD401F4786F9003D827F /* Main.storyboard */; };
		21B7BD441F4786F9003D827F /* Assets.xcassets in Resources */ = {isa = PBXBuildFile; fileRef = 21B7BD431F4786F9003D827F /* Assets.xcassets */; };
		21B7BD471F4786F9003D827F /* LaunchScreen.storyboard in Resources */ = {isa = PBXBuildFile; fileRef = 21B7BD451F4786F9003D827F /* LaunchScreen.storyboard */; };
/* End PBXBuildFile section */

/* Begin PBXFileReference section */
		21B7BD371F4786F9003D827F /* ARLandscape.app */ = {isa = PBXFileReference; explicitFileType = wrapper.application; includeInIndex = 0; path = ARLandscape.app; sourceTree = BUILT_PRODUCTS_DIR; };
		21B7BD3A1F4786F9003D827F /* AppDelegate.swift */ = {isa = PBXFileReference; lastKnownFileType = sourcecode.swift; path = AppDelegate.swift; sourceTree = "<group>"; };
		21B7BD3C1F4786F9003D827F /* art.scnassets */ = {isa = PBXFileReference; lastKnownFileType = wrapper.scnassets; path = art.scnassets; sourceTree = "<group>"; };
		21B7BD3E1F4786F9003D827F /* ViewController.swift */ = {isa = PBXFileReference; lastKnownFileType = sourcecode.swift; path = ViewController.swift; sourceTree = "<group>"; };
		21B7BD411F4786F9003D827F /* Base */ = {isa = PBXFileReference; lastKnownFileType = file.storyboard; name = Base; path = Base.lproj/Main.storyboard; sourceTree = "<group>"; };
		21B7BD431F4786F9003D827F /* Assets.xcassets */ = {isa = PBXFileReference; lastKnownFileType = folder.assetcatalog; path = Assets.xcassets; sourceTree = "<group>"; };
		21B7BD461F4786F9003D827F /* Base */ = {isa = PBXFileReference; lastKnownFileType = file.storyboard; name = Base; path = Base.lproj/LaunchScreen.storyboard; sourceTree = "<group>"; };
		21B7BD481F4786F9003D827F /* Info.plist */ = {isa = PBXFileReference; lastKnownFileType = text.plist.xml; path = Info.plist; sourceTree = "<group>"; };
/* End PBXFileReference section */

/* Begin PBXFrameworksBuildPhase section */
		21B7BD341F4786F9003D827F /* Frameworks */ = {
			isa = PBXFrameworksBuildPhase;
			buildActionMask = 2147483647;
			files = (
			);
			runOnlyForDeploymentPostprocessing = 0;
		};
/* End PBXFrameworksBuildPhase section */

/* Begin PBXGroup section */
		21B7BD2E1F4786F9003D827F = {
			isa = PBXGroup;
			children = (
				21B7BD391F4786F9003D827F /* ARLandscape */,
				21B7BD381F4786F9003D827F /* Products */,
			);
			sourceTree = "<group>";
		};
		21B7BD381F4786F9003D827F /* Products */ = {
			isa = PBXGroup;
			children = (
				21B7BD371F4786F9003D827F /* ARLandscape.app */,
			);
			name = Products;
			sourceTree = "<group>";
		};
		21B7BD391F4786F9003D827F /* ARLandscape */ = {
			isa = PBXGroup;
			children = (
				21B7BD3A1F4786F9003D827F /* AppDelegate.swift */,
				21B7BD3C1F4786F9003D827F /* art.scnassets */,
				21B7BD3E1F4786F9003D827F /* ViewController.swift */,
				21B7BD401F4786F9003D827F /* Main.storyboard */,
				21B7BD431F4786F9003D827F /* Assets.xcassets */,
				21B7BD451F4786F9003D827F /* LaunchScreen.storyboard */,
				21B7BD481F4786F9003D827F /* Info.plist */,
			);
			path = ARLandscape;
			sourceTree = "<group>";
		};
/* End PBXGroup section */

/* Begin PBXNativeTarget section */
		21B7BD361F4786F9003D827F /* ARLandscape */ = {
			isa = PBXNativeTarget;
			buildConfigurationList = 21B7BD4B1F4786F9003D827F /* Build configuration list for PBXNativeTarget "ARLandscape" */;
			buildPhases = (
				21B7BD331F4786F9003D827F /* Sources */,
				21B7BD341F4786F9003D827F /* Frameworks */,
				21B7BD351F4786F9003D827F /* Resources */,
			);
			buildRules = (
			);
			dependencies = (
			);
			name = ARLandscape;
			productName = ARLandscape;
			productReference = 21B7BD371F4786F9003D827F /* ARLandscape.app */;
			productType = "com.apple.product-type.application";
		};
/* End PBXNativeTarget section */

/* Begin PBXProject section */
		21B7BD2F1F4786F9003D827F /* Project object */ = {
			isa = PBXProject;
			attributes = {
				LastSwiftUpdateCheck = 0900;
				LastUpgradeCheck = 0900;
				ORGANIZATIONNAME = "Clint Cabanero";
				TargetAttributes = {
					21B7BD361F4786F9003D827F = {
						CreatedOnToolsVersion = 9.0;
					};
				};
			};
			buildConfigurationList = 21B7BD321F4786F9003D827F /* Build configuration list for PBXProject "ARLandscape" */;
			compatibilityVersion = "Xcode 8.0";
			developmentRegion = en;
			hasScannedForEncodings = 0;
			knownRegions = (
				en,
				Base,
			);
			mainGroup = 21B7BD2E1F4786F9003D827F;
			productRefGroup = 21B7BD381F4786F9003D827F /* Products */;
			projectDirPath = "";
			projectRoot = "";
			targets = (
				21B7BD361F4786F9003D827F /* ARLandscape */,
			);
		};
/* End PBXProject section */

/* Begin PBXResourcesBuildPhase section */
		21B7BD351F4786F9003D827F /* Resources */ = {
			isa = PBXResourcesBuildPhase;
			buildActionMask = 2147483647;
			files = (
				21B7BD3D1F4786F9003D827F /* art.scnassets in Resources */,
				21B7BD471F4786F9003D827F /* LaunchScreen.storyboard in Resources */,
				21B7BD441F4786F9003D827F /* Assets.xcassets in Resources */,
				21B7BD421F4786F9003D827F /* Main.storyboard in Resources */,
			);
			runOnlyForDeploymentPostprocessing = 0;
		};
/* End PBXResourcesBuildPhase section */

/* Begin PBXSourcesBuildPhase section */
		21B7BD331F4786F9003D827F /* Sources */ = {
			isa = PBXSourcesBuildPhase;
			buildActionMask = 2147483647;
			files = (
				21B7BD3F1F4786F9003D827F /* ViewController.swift in Sources */,
				21B7BD3B1F4786F9003D827F /* AppDelegate.swift in Sources */,
			);
			runOnlyForDeploymentPostprocessing = 0;
		};
/* End PBXSourcesBuildPhase section */

/* Begin PBXVariantGroup section */
		21B7BD401F4786F9003D827F /* Main.storyboard */ = {
			isa = PBXVariantGroup;
			children = (
				21B7BD411F4786F9003D827F /* Base */,
			);
			name = Main.storyboard;
			sourceTree = "<group>";
		};
		21B7BD451F4786F9003D827F /* LaunchScreen.storyboard */ = {
			isa = PBXVariantGroup;
			children = (
				21B7BD461F4786F9003D827F /* Base */,
			);
			name = LaunchScreen.storyboard;
			sourceTree = "<group>";
		};
/* End PBXVariantGroup section */

/* Begin XCBuildConfiguration section */
		21B7BD491F4786F9003D827F /* Debug */ = {
			isa = XCBuildConfiguration;
			buildSettings = {
				ALWAYS_SEARCH_USER_PATHS = NO;
				CLANG_ANALYZER_NONNULL = YES;
				CLANG_ANALYZER_NUMBER_OBJECT_CONVERSION = YES_AGGRESSIVE;
				CLANG_CXX_LANGUAGE_STANDARD = "gnu++14";
				CLANG_CXX_LIBRARY = "libc++";
				CLANG_ENABLE_MODULES = YES;
				CLANG_ENABLE_OBJC_ARC = YES;
				CLANG_WARN_BLOCK_CAPTURE_AUTORELEASING = YES;
				CLANG_WARN_BOOL_CONVERSION = YES;
				CLANG_WARN_COMMA = YES;
				CLANG_WARN_CONSTANT_CONVERSION = YES;
				CLANG_WARN_DIRECT_OBJC_ISA_USAGE = YES_ERROR;
				CLANG_WARN_DOCUMENTATION_COMMENTS = YES;
				CLANG_WARN_EMPTY_BODY = YES;
				CLANG_WARN_ENUM_CONVERSION = YES;
				CLANG_WARN_INFINITE_RECURSION = YES;
				CLANG_WARN_INT_CONVERSION = YES;
				CLANG_WARN_NON_LITERAL_NULL_CONVERSION = YES;
				CLANG_WARN_OBJC_LITERAL_CONVERSION = YES;
				CLANG_WARN_OBJC_ROOT_CLASS = YES_ERROR;
				CLANG_WARN_RANGE_LOOP_ANALYSIS = YES;
				CLANG_WARN_STRICT_PROTOTYPES = YES;
				CLANG_WARN_SUSPICIOUS_MOVE = YES;
				CLANG_WARN_UNGUARDED_AVAILABILITY = YES_AGGRESSIVE;
				CLANG_WARN_UNREACHABLE_CODE = YES;
				CLANG_WARN__DUPLICATE_METHOD_MATCH = YES;
				CODE_SIGN_IDENTITY = "iPhone Developer";
				COPY_PHASE_STRIP = NO;
				DEBUG_INFORMATION_FORMAT = dwarf;
				ENABLE_STRICT_OBJC_MSGSEND = YES;
				ENABLE_TESTABILITY = YES;
				GCC_C_LANGUAGE_STANDARD = gnu11;
				GCC_DYNAMIC_NO_PIC = NO;
				GCC_NO_COMMON_BLOCKS = YES;
				GCC_OPTIMIZATION_LEVEL = 0;
				GCC_PREPROCESSOR_DEFINITIONS = (
					"DEBUG=1",
					"$(inherited)",
				);
				GCC_WARN_64_TO_32_BIT_CONVERSION = YES;
				GCC_WARN_ABOUT_RETURN_TYPE = YES_ERROR;
				GCC_WARN_UNDECLARED_SELECTOR = YES;
				GCC_WARN_UNINITIALIZED_AUTOS = YES_AGGRESSIVE;
				GCC_WARN_UNUSED_FUNCTION = YES;
				GCC_WARN_UNUSED_VARIABLE = YES;
				IPHONEOS_DEPLOYMENT_TARGET = 11.0;
				MTL_ENABLE_DEBUG_INFO = YES;
				ONLY_ACTIVE_ARCH = YES;
				SDKROOT = iphoneos;
				SWIFT_ACTIVE_COMPILATION_CONDITIONS = DEBUG;
				SWIFT_OPTIMIZATION_LEVEL = "-Onone";
			};
			name = Debug;
		};
		21B7BD4A1F4786F9003D827F /* Release */ = {
			isa = XCBuildConfiguration;
			buildSettings = {
				ALWAYS_SEARCH_USER_PATHS = NO;
				CLANG_ANALYZER_NONNULL = YES;
				CLANG_ANALYZER_NUMBER_OBJECT_CONVERSION = YES_AGGRESSIVE;
				CLANG_CXX_LANGUAGE_STANDARD = "gnu++14";
				CLANG_CXX_LIBRARY = "libc++";
				CLANG_ENABLE_MODULES = YES;
				CLANG_ENABLE_OBJC_ARC = YES;
				CLANG_WARN_BLOCK_CAPTURE_AUTORELEASING = YES;
				CLANG_WARN_BOOL_CONVERSION = YES;
				CLANG_WARN_COMMA = YES;
				CLANG_WARN_CONSTANT_CONVERSION = YES;
				CLANG_WARN_DIRECT_OBJC_ISA_USAGE = YES_ERROR;
				CLANG_WARN_DOCUMENTATION_COMMENTS = YES;
				CLANG_WARN_EMPTY_BODY = YES;
				CLANG_WARN_ENUM_CONVERSION = YES;
				CLANG_WARN_INFINITE_RECURSION = YES;
				CLANG_WARN_INT_CONVERSION = YES;
				CLANG_WARN_NON_LITERAL_NULL_CONVERSION = YES;
				CLANG_WARN_OBJC_LITERAL_CONVERSION = YES;
				CLANG_WARN_OBJC_ROOT_CLASS = YES_ERROR;
				CLANG_WARN_RANGE_LOOP_ANALYSIS = YES;
				CLANG_WARN_STRICT_PROTOTYPES = YES;
				CLANG_WARN_SUSPICIOUS_MOVE = YES;
				CLANG_WARN_UNGUARDED_AVAILABILITY = YES_AGGRESSIVE;
				CLANG_WARN_UNREACHABLE_CODE = YES;
				CLANG_WARN__DUPLICATE_METHOD_MATCH = YES;
				CODE_SIGN_IDENTITY = "iPhone Developer";
				COPY_PHASE_STRIP = NO;
				DEBUG_INFORMATION_FORMAT = "dwarf-with-dsym";
				ENABLE_NS_ASSERTIONS = NO;
				ENABLE_STRICT_OBJC_MSGSEND = YES;
				GCC_C_LANGUAGE_STANDARD = gnu11;
				GCC_NO_COMMON_BLOCKS = YES;
				GCC_WARN_64_TO_32_BIT_CONVERSION = YES;
				GCC_WARN_ABOUT_RETURN_TYPE = YES_ERROR;
				GCC_WARN_UNDECLARED_SELECTOR = YES;
				GCC_WARN_UNINITIALIZED_AUTOS = YES_AGGRESSIVE;
				GCC_WARN_UNUSED_FUNCTION = YES;
				GCC_WARN_UNUSED_VARIABLE = YES;
				IPHONEOS_DEPLOYMENT_TARGET = 11.0;
				MTL_ENABLE_DEBUG_INFO = NO;
				SDKROOT = iphoneos;
				SWIFT_OPTIMIZATION_LEVEL = "-Owholemodule";
				VALIDATE_PRODUCT = YES;
			};
			name = Release;
		};
		21B7BD4C1F4786F9003D827F /* Debug */ = {
			isa = XCBuildConfiguration;
			buildSettings = {
				ASSETCATALOG_COMPILER_APPICON_NAME = AppIcon;
				DEVELOPMENT_TEAM = RS9YEH4YDX;
				INFOPLIST_FILE = ARLandscape/Info.plist;
				LD_RUNPATH_SEARCH_PATHS = "$(inherited) @executable_path/Frameworks";
				PRODUCT_BUNDLE_IDENTIFIER = com.clintcabanero.ARLandscape;
				PRODUCT_NAME = "$(TARGET_NAME)";
				SWIFT_VERSION = 4.0;
				TARGETED_DEVICE_FAMILY = "1,2";
			};
			name = Debug;
		};
		21B7BD4D1F4786F9003D827F /* Release */ = {
			isa = XCBuildConfiguration;
			buildSettings = {
				ASSETCATALOG_COMPILER_APPICON_NAME = AppIcon;
				DEVELOPMENT_TEAM = RS9YEH4YDX;
				INFOPLIST_FILE = ARLandscape/Info.plist;
				LD_RUNPATH_SEARCH_PATHS = "$(inherited) @executable_path/Frameworks";
				PRODUCT_BUNDLE_IDENTIFIER = com.clintcabanero.ARLandscape;
				PRODUCT_NAME = "$(TARGET_NAME)";
				SWIFT_VERSION = 4.0;
				TARGETED_DEVICE_FAMILY = "1,2";
			};
			name = Release;
		};
/* End XCBuildConfiguration section */

/* Begin XCConfigurationList section */
		21B7BD321F4786F9003D827F /* Build configuration list for PBXProject "ARLandscape" */ = {
			isa = XCConfigurationList;
			buildConfigurations = (
				21B7BD491F4786F9003D827F /* Debug */,
				21B7BD4A1F4786F9003D827F /* Release */,
			);
			defaultConfigurationIsVisible = 0;
			defaultConfigurationName = Release;
		};
		21B7BD4B1F4786F9003D827F /* Build configuration list for PBXNativeTarget "ARLandscape" */ = {
			isa = XCConfigurationList;
			buildConfigurations = (
				21B7BD4C1F4786F9003D827F /* Debug */,
				21B7BD4D1F4786F9003D827F /* Release */,
			);
			defaultConfigurationIsVisible = 0;
			defaultConfigurationName = Release;
		};
/* End XCConfigurationList section */
	};
	rootObject = 21B7BD2F1F4786F9003D827F /* Project object */;
}
